# IF THERE'S A GIT CONFLICT IN THIS FILE, DON'T SOLVE IT MANUALLY!
# INSTEAD EXECUTE `prisma lift fix`
# lift lockfile v1
# Read more about conflict resolution here: TODO

20191216150803-first-one
20191217135424-added-all-day
20200117131652-fixed-event
20200117132010-added-user-to-events
20200117132207-first
20200119124627-changed-event-to-time-request
20200119131516-modified-time-request-model
20200120113105-worked-on-events
20200125124813-simplified-time-request
20200129144408-fixed-time-request
20200131141057-stupid-time-request-adjustment-again
20200131141637-another-time-request-mod
20200131143145-stupid-time-request
20200202150109-notseen
20200202150232-notseen
20200203131555-update-not-seen-on-time-request-again
20200203131858-another-tr-update
20200203132321-adminseen
20200213133147-last-stupid-tr-change
20200315151730-added-recursive-tasks
20200315160346-bunch-of-tasks
20200315160731-no-idea
20200317125444-task-tree-update-test
20200317142332-updatetest
20200317142814-first-one
20200318132713-parent-child-tasks
20200318132753-first-up
20200318133051-updating